
Microsoft Visual Studio Solution File, Format Version 12.00
# Visual Studio Version 17
VisualStudioVersion = 17.4.33213.308
MinimumVisualStudioVersion = 10.0.40219.1
Project("{FAE04EC0-301F-11D3-BF4B-00C04F79EFBC}") = "modul3_1302213121", "modul3_1302213121\modul3_1302213121.csproj", "{034511AC-2C9E-4E63-8D96-536C088A7A56}"
EndProject
Global
	GlobalSection(SolutionConfigurationPlatforms) = preSolution
		Debug|Any CPU = Debug|Any CPU
		Release|Any CPU = Release|Any CPU
	EndGlobalSection
	GlobalSection(ProjectConfigurationPlatforms) = postSolution
		{034511AC-2C9E-4E63-8D96-536C088A7A56}.Debug|Any CPU.ActiveCfg = Debug|Any CPU
		{034511AC-2C9E-4E63-8D96-536C088A7A56}.Debug|Any CPU.Build.0 = Debug|Any CPU
		{034511AC-2C9E-4E63-8D96-536C088A7A56}.Release|Any CPU.ActiveCfg = Release|Any CPU
		{034511AC-2C9E-4E63-8D96-536C088A7A56}.Release|Any CPU.Build.0 = Release|Any CPU
	EndGlobalSection
	GlobalSection(SolutionProperties) = preSolution
		HideSolutionNode = FALSE
	EndGlobalSection
	GlobalSection(ExtensibilityGlobals) = postSolution
		SolutionGuid = {F7446530-7179-4D33-BC1F-C225D1A66FF1}
	EndGlobalSection
EndGlobal
